
Microsoft Visual Studio Solution File, Format Version 12.00
# Visual Studio 15
VisualStudioVersion = 15.0.27703.2042
MinimumVisualStudioVersion = 10.0.40219.1
Project("{888888A0-9F3D-457C-B088-3A5042F75D52}") = "Segmentacao", "Segmentacao\Segmentacao.pyproj", "{F044631E-F32A-45B4-AA29-A2D760A9E225}"
EndProject
Global
	GlobalSection(SolutionConfigurationPlatforms) = preSolution
		Debug|Any CPU = Debug|Any CPU
		Release|Any CPU = Release|Any CPU
	EndGlobalSection
	GlobalSection(ProjectConfigurationPlatforms) = postSolution
		{F044631E-F32A-45B4-AA29-A2D760A9E225}.Debug|Any CPU.ActiveCfg = Debug|Any CPU
		{F044631E-F32A-45B4-AA29-A2D760A9E225}.Release|Any CPU.ActiveCfg = Release|Any CPU
	EndGlobalSection
	GlobalSection(SolutionProperties) = preSolution
		HideSolutionNode = FALSE
	EndGlobalSection
	GlobalSection(ExtensibilityGlobals) = postSolution
		SolutionGuid = {38E581DF-F32F-40EE-AE84-2A55D261856B}
	EndGlobalSection
EndGlobal
